<?xml version="1.0" encoding="utf-8"?>
<Project ToolsVersion="4.0" xmlns="http://schemas.microsoft.com/developer/msbuild/2003">
  <ItemGroup>
    <Filter Include="Quelldateien">
      <UniqueIdentifier>{4FC737F1-C7A5-4376-A066-2A32D752A2FF}</UniqueIdentifier>
      <Extensions>cpp;c;cc;cxx;def;odl;idl;hpj;bat;asm;asmx</Extensions>
    </Filter>
    <Filter Include="Headerdateien">
      <UniqueIdentifier>{93995380-89BD-4b04-88EB-625FBE52EBFB}</UniqueIdentifier>
      <Extensions>h;hpp;hxx;hm;inl;inc;xsd</Extensions>
    </Filter>
  </ItemGroup>
  <ItemGroup>
    <ClInclude Include="checkresult.h">
      <Filter>Headerdateien</Filter>
    </ClInclude>
    <ClInclude Include="cib.h">
      <Filter>Headerdateien</Filter>
    </ClInclude>
    <ClInclude Include="configobjectadapter.h">
      <Filter>Headerdateien</Filter>
    </ClInclude>
    <ClInclude Include="host.h">
      <Filter>Headerdateien</Filter>
    </ClInclude>
    <ClInclude Include="hostgroup.h">
      <Filter>Headerdateien</Filter>
    </ClInclude>
    <ClInclude Include="i2-cib.h">
      <Filter>Headerdateien</Filter>
    </ClInclude>
    <ClInclude Include="macroprocessor.h">
      <Filter>Headerdateien</Filter>
    </ClInclude>
    <ClInclude Include="nagioschecktask.h">
      <Filter>Headerdateien</Filter>
    </ClInclude>
    <ClInclude Include="service.h">
      <Filter>Headerdateien</Filter>
    </ClInclude>
    <ClInclude Include="servicegroup.h">
      <Filter>Headerdateien</Filter>
    </ClInclude>
    <ClInclude Include="servicestatusmessage.h">
      <Filter>Headerdateien</Filter>
    </ClInclude>
  </ItemGroup>
  <ItemGroup>
    <ClCompile Include="checkresult.cpp">
      <Filter>Quelldateien</Filter>
    </ClCompile>
    <ClCompile Include="cib.cpp">
      <Filter>Quelldateien</Filter>
    </ClCompile>
    <ClCompile Include="configobjectadapter.cpp">
      <Filter>Quelldateien</Filter>
    </ClCompile>
    <ClCompile Include="host.cpp">
      <Filter>Quelldateien</Filter>
    </ClCompile>
    <ClCompile Include="hostgroup.cpp">
      <Filter>Quelldateien</Filter>
    </ClCompile>
    <ClCompile Include="macroprocessor.cpp">
      <Filter>Quelldateien</Filter>
    </ClCompile>
    <ClCompile Include="nagioschecktask.cpp">
      <Filter>Quelldateien</Filter>
    </ClCompile>
    <ClCompile Include="service.cpp">
      <Filter>Quelldateien</Filter>
    </ClCompile>
    <ClCompile Include="servicegroup.cpp">
      <Filter>Quelldateien</Filter>
    </ClCompile>
    <ClCompile Include="servicestatusmessage.cpp">
      <Filter>Quelldateien</Filter>
    </ClCompile>
    <ClCompile Include="i2-cib.cpp">
      <Filter>Quelldateien</Filter>
    </ClCompile>
  </ItemGroup>
</Project>