<?xml version="1.0" encoding="utf-8"?>
<Project ToolsVersion="4.0" xmlns="http://schemas.microsoft.com/developer/msbuild/2003">
  <ItemGroup>
    <ClCompile Include="discoverycomponent.cpp">
      <Filter>Quelldateien</Filter>
    </ClCompile>
    <ClCompile Include="discoverymessage.cpp">
      <Filter>Quelldateien</Filter>
    </ClCompile>
  </ItemGroup>
  <ItemGroup>
    <ClInclude Include="discoverycomponent.h">
      <Filter>Headerdateien</Filter>
    </ClInclude>
    <ClInclude Include="i2-discovery.h">
      <Filter>Headerdateien</Filter>
    </ClInclude>
    <ClInclude Include="discoverymessage.h">
      <Filter>Headerdateien</Filter>
    </ClInclude>
  </ItemGroup>
  <ItemGroup>
    <Filter Include="Headerdateien">
      <UniqueIdentifier>{53341f7e-6bad-4cf1-92cf-be906efe1704}</UniqueIdentifier>
    </Filter>
    <Filter Include="Quelldateien">
      <UniqueIdentifier>{c7b2deba-743b-4449-ae46-0b7ba1b1350a}</UniqueIdentifier>
    </Filter>
  </ItemGroup>
</Project>