<?xml version="1.0" encoding="utf-8"?>
<Project ToolsVersion="4.0" xmlns="http://schemas.microsoft.com/developer/msbuild/2003">
  <ItemGroup>
    <ClCompile Include="discoverycomponent.cpp" />
    <ClCompile Include="discoverymessage.cpp" />
  </ItemGroup>
  <ItemGroup>
    <ClInclude Include="discoverycomponent.h" />
    <ClInclude Include="i2-discovery.h" />
    <ClInclude Include="discoverymessage.h" />
  </ItemGroup>
</Project>