
Microsoft Visual Studio Solution File, Format Version 11.00
# Visual Studio 2010
Project("{8BC9CEB8-8B4A-11D0-8D11-00A0C91BC942}") = "base", "base\base.vcxproj", "{9C92DA90-FD53-43A9-A244-90F2E8AF9677}"
	ProjectSection(ProjectDependencies) = postProject
		{19CBCE06-3F5C-479A-BD75-E2AB6215D345} = {19CBCE06-3F5C-479A-BD75-E2AB6215D345}
		{66BED474-C33F-48F9-90BA-BBCFEDC006B8} = {66BED474-C33F-48F9-90BA-BBCFEDC006B8}
	EndProjectSection
EndProject
Project("{8BC9CEB8-8B4A-11D0-8D11-00A0C91BC942}") = "jsonrpc", "jsonrpc\jsonrpc.vcxproj", "{8DD52FAC-ECEE-48C2-B266-E7C47ED485F8}"
	ProjectSection(ProjectDependencies) = postProject
		{66BED474-C33F-48F9-90BA-BBCFEDC006B8} = {66BED474-C33F-48F9-90BA-BBCFEDC006B8}
		{9C92DA90-FD53-43A9-A244-90F2E8AF9677} = {9C92DA90-FD53-43A9-A244-90F2E8AF9677}
	EndProjectSection
EndProject
Project("{8BC9CEB8-8B4A-11D0-8D11-00A0C91BC942}") = "icinga", "icinga\icinga.vcxproj", "{C1FC77E1-04A4-481B-A78B-2F7AF489C2F8}"
	ProjectSection(ProjectDependencies) = postProject
		{9C92DA90-FD53-43A9-A244-90F2E8AF9677} = {9C92DA90-FD53-43A9-A244-90F2E8AF9677}
		{B26AFFA6-2BDF-42E6-A224-2591FFD9BFB7} = {B26AFFA6-2BDF-42E6-A224-2591FFD9BFB7}
		{8DD52FAC-ECEE-48C2-B266-E7C47ED485F8} = {8DD52FAC-ECEE-48C2-B266-E7C47ED485F8}
	EndProjectSection
EndProject
Project("{8BC9CEB8-8B4A-11D0-8D11-00A0C91BC942}") = "icinga-app", "icinga-app\icinga-app.vcxproj", "{BE412865-FEBA-4259-AD41-58950D1F5432}"
	ProjectSection(ProjectDependencies) = postProject
		{2BD1C70C-43DB-4F44-B66B-67CF5C7044AA} = {2BD1C70C-43DB-4F44-B66B-67CF5C7044AA}
		{EAD41628-BB96-4F99-9070-8A9676801295} = {EAD41628-BB96-4F99-9070-8A9676801295}
		{2E6C1133-730F-4875-A72C-B455B1DD4C5C} = {2E6C1133-730F-4875-A72C-B455B1DD4C5C}
		{17C93245-8C20-4316-9573-1AE41D918C10} = {17C93245-8C20-4316-9573-1AE41D918C10}
		{704DDD8E-9E6D-4C22-80BD-6DE10F3A5E1C} = {704DDD8E-9E6D-4C22-80BD-6DE10F3A5E1C}
		{D02A349B-BAF7-41FB-86FF-B05BA05FE578} = {D02A349B-BAF7-41FB-86FF-B05BA05FE578}
		{38CE81CC-2660-4EF0-A936-4A337591DA3E} = {38CE81CC-2660-4EF0-A936-4A337591DA3E}
		{C1FC77E1-04A4-481B-A78B-2F7AF489C2F8} = {C1FC77E1-04A4-481B-A78B-2F7AF489C2F8}
	EndProjectSection
EndProject
Project("{8BC9CEB8-8B4A-11D0-8D11-00A0C91BC942}") = "demo", "components\demo\demo.vcxproj", "{2E6C1133-730F-4875-A72C-B455B1DD4C5C}"
	ProjectSection(ProjectDependencies) = postProject
		{C1FC77E1-04A4-481B-A78B-2F7AF489C2F8} = {C1FC77E1-04A4-481B-A78B-2F7AF489C2F8}
	EndProjectSection
EndProject
Project("{8BC9CEB8-8B4A-11D0-8D11-00A0C91BC942}") = "discovery", "components\discovery\discovery.vcxproj", "{EAD41628-BB96-4F99-9070-8A9676801295}"
	ProjectSection(ProjectDependencies) = postProject
		{538D7F53-A6A0-459A-AE4F-70DB135BC9AF} = {538D7F53-A6A0-459A-AE4F-70DB135BC9AF}
		{C1FC77E1-04A4-481B-A78B-2F7AF489C2F8} = {C1FC77E1-04A4-481B-A78B-2F7AF489C2F8}
	EndProjectSection
EndProject
Project("{8BC9CEB8-8B4A-11D0-8D11-00A0C91BC942}") = "dyn", "dyn\dyn.vcxproj", "{B26AFFA6-2BDF-42E6-A224-2591FFD9BFB7}"
	ProjectSection(ProjectDependencies) = postProject
		{9C92DA90-FD53-43A9-A244-90F2E8AF9677} = {9C92DA90-FD53-43A9-A244-90F2E8AF9677}
	EndProjectSection
EndProject
Project("{8BC9CEB8-8B4A-11D0-8D11-00A0C91BC942}") = "cJSON", "third-party\cJSON\cJSON.vcxproj", "{66BED474-C33F-48F9-90BA-BBCFEDC006B8}"
EndProject
Project("{8BC9CEB8-8B4A-11D0-8D11-00A0C91BC942}") = "mmatch", "third-party\mmatch\mmatch.vcxproj", "{19CBCE06-3F5C-479A-BD75-E2AB6215D345}"
EndProject
Project("{8BC9CEB8-8B4A-11D0-8D11-00A0C91BC942}") = "checker", "components\checker\checker.vcxproj", "{38CE81CC-2660-4EF0-A936-4A337591DA3E}"
	ProjectSection(ProjectDependencies) = postProject
		{538D7F53-A6A0-459A-AE4F-70DB135BC9AF} = {538D7F53-A6A0-459A-AE4F-70DB135BC9AF}
		{8DD52FAC-ECEE-48C2-B266-E7C47ED485F8} = {8DD52FAC-ECEE-48C2-B266-E7C47ED485F8}
		{C1FC77E1-04A4-481B-A78B-2F7AF489C2F8} = {C1FC77E1-04A4-481B-A78B-2F7AF489C2F8}
	EndProjectSection
EndProject
Project("{8BC9CEB8-8B4A-11D0-8D11-00A0C91BC942}") = "delegation", "components\delegation\delegation.vcxproj", "{17C93245-8C20-4316-9573-1AE41D918C10}"
	ProjectSection(ProjectDependencies) = postProject
		{538D7F53-A6A0-459A-AE4F-70DB135BC9AF} = {538D7F53-A6A0-459A-AE4F-70DB135BC9AF}
		{8DD52FAC-ECEE-48C2-B266-E7C47ED485F8} = {8DD52FAC-ECEE-48C2-B266-E7C47ED485F8}
		{C1FC77E1-04A4-481B-A78B-2F7AF489C2F8} = {C1FC77E1-04A4-481B-A78B-2F7AF489C2F8}
	EndProjectSection
EndProject
Project("{8BC9CEB8-8B4A-11D0-8D11-00A0C91BC942}") = "cib", "cib\cib.vcxproj", "{538D7F53-A6A0-459A-AE4F-70DB135BC9AF}"
	ProjectSection(ProjectDependencies) = postProject
		{C1FC77E1-04A4-481B-A78B-2F7AF489C2F8} = {C1FC77E1-04A4-481B-A78B-2F7AF489C2F8}
	EndProjectSection
EndProject
Project("{8BC9CEB8-8B4A-11D0-8D11-00A0C91BC942}") = "cibsync", "components\cibsync\cibsync.vcxproj", "{704DDD8E-9E6D-4C22-80BD-6DE10F3A5E1C}"
	ProjectSection(ProjectDependencies) = postProject
		{538D7F53-A6A0-459A-AE4F-70DB135BC9AF} = {538D7F53-A6A0-459A-AE4F-70DB135BC9AF}
		{C1FC77E1-04A4-481B-A78B-2F7AF489C2F8} = {C1FC77E1-04A4-481B-A78B-2F7AF489C2F8}
	EndProjectSection
EndProject
Project("{8BC9CEB8-8B4A-11D0-8D11-00A0C91BC942}") = "compat", "components\compat\compat.vcxproj", "{2BD1C70C-43DB-4F44-B66B-67CF5C7044AA}"
	ProjectSection(ProjectDependencies) = postProject
		{538D7F53-A6A0-459A-AE4F-70DB135BC9AF} = {538D7F53-A6A0-459A-AE4F-70DB135BC9AF}
		{C1FC77E1-04A4-481B-A78B-2F7AF489C2F8} = {C1FC77E1-04A4-481B-A78B-2F7AF489C2F8}
	EndProjectSection
EndProject
Project("{8BC9CEB8-8B4A-11D0-8D11-00A0C91BC942}") = "convenience", "components\convenience\convenience.vcxproj", "{D02A349B-BAF7-41FB-86FF-B05BA05FE578}"
	ProjectSection(ProjectDependencies) = postProject
		{538D7F53-A6A0-459A-AE4F-70DB135BC9AF} = {538D7F53-A6A0-459A-AE4F-70DB135BC9AF}
		{C1FC77E1-04A4-481B-A78B-2F7AF489C2F8} = {C1FC77E1-04A4-481B-A78B-2F7AF489C2F8}
	EndProjectSection
EndProject
Project("{2150E333-8FDC-42A3-9474-1A3956D46DE8}") = "components", "components", "{4A1773FD-DDED-4952-8700-C898E890554A}"
EndProject
Global
	GlobalSection(SolutionConfigurationPlatforms) = preSolution
		Debug|Win32 = Debug|Win32
		Release|Win32 = Release|Win32
	EndGlobalSection
	GlobalSection(ProjectConfigurationPlatforms) = postSolution
		{9C92DA90-FD53-43A9-A244-90F2E8AF9677}.Debug|Win32.ActiveCfg = Debug|Win32
		{9C92DA90-FD53-43A9-A244-90F2E8AF9677}.Debug|Win32.Build.0 = Debug|Win32
		{9C92DA90-FD53-43A9-A244-90F2E8AF9677}.Release|Win32.ActiveCfg = Release|Win32
		{9C92DA90-FD53-43A9-A244-90F2E8AF9677}.Release|Win32.Build.0 = Release|Win32
		{8DD52FAC-ECEE-48C2-B266-E7C47ED485F8}.Debug|Win32.ActiveCfg = Debug|Win32
		{8DD52FAC-ECEE-48C2-B266-E7C47ED485F8}.Debug|Win32.Build.0 = Debug|Win32
		{8DD52FAC-ECEE-48C2-B266-E7C47ED485F8}.Release|Win32.ActiveCfg = Release|Win32
		{8DD52FAC-ECEE-48C2-B266-E7C47ED485F8}.Release|Win32.Build.0 = Release|Win32
		{C1FC77E1-04A4-481B-A78B-2F7AF489C2F8}.Debug|Win32.ActiveCfg = Debug|Win32
		{C1FC77E1-04A4-481B-A78B-2F7AF489C2F8}.Debug|Win32.Build.0 = Debug|Win32
		{C1FC77E1-04A4-481B-A78B-2F7AF489C2F8}.Release|Win32.ActiveCfg = Release|Win32
		{C1FC77E1-04A4-481B-A78B-2F7AF489C2F8}.Release|Win32.Build.0 = Release|Win32
		{BE412865-FEBA-4259-AD41-58950D1F5432}.Debug|Win32.ActiveCfg = Debug|Win32
		{BE412865-FEBA-4259-AD41-58950D1F5432}.Debug|Win32.Build.0 = Debug|Win32
		{BE412865-FEBA-4259-AD41-58950D1F5432}.Release|Win32.ActiveCfg = Release|Win32
		{BE412865-FEBA-4259-AD41-58950D1F5432}.Release|Win32.Build.0 = Release|Win32
		{2E6C1133-730F-4875-A72C-B455B1DD4C5C}.Debug|Win32.ActiveCfg = Debug|Win32
		{2E6C1133-730F-4875-A72C-B455B1DD4C5C}.Debug|Win32.Build.0 = Debug|Win32
		{2E6C1133-730F-4875-A72C-B455B1DD4C5C}.Release|Win32.ActiveCfg = Release|Win32
		{2E6C1133-730F-4875-A72C-B455B1DD4C5C}.Release|Win32.Build.0 = Release|Win32
		{EAD41628-BB96-4F99-9070-8A9676801295}.Debug|Win32.ActiveCfg = Debug|Win32
		{EAD41628-BB96-4F99-9070-8A9676801295}.Debug|Win32.Build.0 = Debug|Win32
		{EAD41628-BB96-4F99-9070-8A9676801295}.Release|Win32.ActiveCfg = Release|Win32
		{EAD41628-BB96-4F99-9070-8A9676801295}.Release|Win32.Build.0 = Release|Win32
		{B26AFFA6-2BDF-42E6-A224-2591FFD9BFB7}.Debug|Win32.ActiveCfg = Debug|Win32
		{B26AFFA6-2BDF-42E6-A224-2591FFD9BFB7}.Debug|Win32.Build.0 = Debug|Win32
		{B26AFFA6-2BDF-42E6-A224-2591FFD9BFB7}.Release|Win32.ActiveCfg = Release|Win32
		{B26AFFA6-2BDF-42E6-A224-2591FFD9BFB7}.Release|Win32.Build.0 = Release|Win32
		{66BED474-C33F-48F9-90BA-BBCFEDC006B8}.Debug|Win32.ActiveCfg = Debug|Win32
		{66BED474-C33F-48F9-90BA-BBCFEDC006B8}.Debug|Win32.Build.0 = Debug|Win32
		{66BED474-C33F-48F9-90BA-BBCFEDC006B8}.Release|Win32.ActiveCfg = Release|Win32
		{66BED474-C33F-48F9-90BA-BBCFEDC006B8}.Release|Win32.Build.0 = Release|Win32
		{19CBCE06-3F5C-479A-BD75-E2AB6215D345}.Debug|Win32.ActiveCfg = Debug|Win32
		{19CBCE06-3F5C-479A-BD75-E2AB6215D345}.Debug|Win32.Build.0 = Debug|Win32
		{19CBCE06-3F5C-479A-BD75-E2AB6215D345}.Release|Win32.ActiveCfg = Release|Win32
		{19CBCE06-3F5C-479A-BD75-E2AB6215D345}.Release|Win32.Build.0 = Release|Win32
		{38CE81CC-2660-4EF0-A936-4A337591DA3E}.Debug|Win32.ActiveCfg = Debug|Win32
		{38CE81CC-2660-4EF0-A936-4A337591DA3E}.Debug|Win32.Build.0 = Debug|Win32
		{38CE81CC-2660-4EF0-A936-4A337591DA3E}.Release|Win32.ActiveCfg = Release|Win32
		{38CE81CC-2660-4EF0-A936-4A337591DA3E}.Release|Win32.Build.0 = Release|Win32
		{17C93245-8C20-4316-9573-1AE41D918C10}.Debug|Win32.ActiveCfg = Debug|Win32
		{17C93245-8C20-4316-9573-1AE41D918C10}.Debug|Win32.Build.0 = Debug|Win32
		{17C93245-8C20-4316-9573-1AE41D918C10}.Release|Win32.ActiveCfg = Release|Win32
		{17C93245-8C20-4316-9573-1AE41D918C10}.Release|Win32.Build.0 = Release|Win32
		{538D7F53-A6A0-459A-AE4F-70DB135BC9AF}.Debug|Win32.ActiveCfg = Debug|Win32
		{538D7F53-A6A0-459A-AE4F-70DB135BC9AF}.Debug|Win32.Build.0 = Debug|Win32
		{538D7F53-A6A0-459A-AE4F-70DB135BC9AF}.Release|Win32.ActiveCfg = Release|Win32
		{538D7F53-A6A0-459A-AE4F-70DB135BC9AF}.Release|Win32.Build.0 = Release|Win32
		{704DDD8E-9E6D-4C22-80BD-6DE10F3A5E1C}.Debug|Win32.ActiveCfg = Debug|Win32
		{704DDD8E-9E6D-4C22-80BD-6DE10F3A5E1C}.Debug|Win32.Build.0 = Debug|Win32
		{704DDD8E-9E6D-4C22-80BD-6DE10F3A5E1C}.Release|Win32.ActiveCfg = Release|Win32
		{704DDD8E-9E6D-4C22-80BD-6DE10F3A5E1C}.Release|Win32.Build.0 = Release|Win32
		{2BD1C70C-43DB-4F44-B66B-67CF5C7044AA}.Debug|Win32.ActiveCfg = Debug|Win32
		{2BD1C70C-43DB-4F44-B66B-67CF5C7044AA}.Debug|Win32.Build.0 = Debug|Win32
		{2BD1C70C-43DB-4F44-B66B-67CF5C7044AA}.Release|Win32.ActiveCfg = Release|Win32
		{2BD1C70C-43DB-4F44-B66B-67CF5C7044AA}.Release|Win32.Build.0 = Release|Win32
		{D02A349B-BAF7-41FB-86FF-B05BA05FE578}.Debug|Win32.ActiveCfg = Debug|Win32
		{D02A349B-BAF7-41FB-86FF-B05BA05FE578}.Debug|Win32.Build.0 = Debug|Win32
		{D02A349B-BAF7-41FB-86FF-B05BA05FE578}.Release|Win32.ActiveCfg = Release|Win32
		{D02A349B-BAF7-41FB-86FF-B05BA05FE578}.Release|Win32.Build.0 = Release|Win32
	EndGlobalSection
	GlobalSection(SolutionProperties) = preSolution
		HideSolutionNode = FALSE
	EndGlobalSection
	GlobalSection(NestedProjects) = preSolution
		{EAD41628-BB96-4F99-9070-8A9676801295} = {4A1773FD-DDED-4952-8700-C898E890554A}
		{38CE81CC-2660-4EF0-A936-4A337591DA3E} = {4A1773FD-DDED-4952-8700-C898E890554A}
		{17C93245-8C20-4316-9573-1AE41D918C10} = {4A1773FD-DDED-4952-8700-C898E890554A}
		{704DDD8E-9E6D-4C22-80BD-6DE10F3A5E1C} = {4A1773FD-DDED-4952-8700-C898E890554A}
		{2BD1C70C-43DB-4F44-B66B-67CF5C7044AA} = {4A1773FD-DDED-4952-8700-C898E890554A}
		{D02A349B-BAF7-41FB-86FF-B05BA05FE578} = {4A1773FD-DDED-4952-8700-C898E890554A}
		{2E6C1133-730F-4875-A72C-B455B1DD4C5C} = {4A1773FD-DDED-4952-8700-C898E890554A}
	EndGlobalSection
EndGlobal
