<?xml version="1.0" encoding="utf-8"?>
<Project ToolsVersion="4.0" xmlns="http://schemas.microsoft.com/developer/msbuild/2003">
  <ItemGroup>
    <Filter Include="Headerdateien">
      <UniqueIdentifier>{11a495bf-a705-4766-b3d3-9b5db266a6ef}</UniqueIdentifier>
    </Filter>
    <Filter Include="Quelldateien">
      <UniqueIdentifier>{1fb6337f-a17f-46ea-9316-2d800a94b53d}</UniqueIdentifier>
    </Filter>
  </ItemGroup>
  <ItemGroup>
    <ClInclude Include="i2-livestatus.h">
      <Filter>Headerdateien</Filter>
    </ClInclude>
    <ClInclude Include="component.h">
      <Filter>Headerdateien</Filter>
    </ClInclude>
    <ClInclude Include="query.h">
      <Filter>Headerdateien</Filter>
    </ClInclude>
    <ClInclude Include="table.h">
      <Filter>Headerdateien</Filter>
    </ClInclude>
    <ClInclude Include="statustable.h">
      <Filter>Headerdateien</Filter>
    </ClInclude>
    <ClInclude Include="timeperiodstable.h">
      <Filter>Headerdateien</Filter>
    </ClInclude>
    <ClInclude Include="logtable.h">
      <Filter>Headerdateien</Filter>
    </ClInclude>
    <ClInclude Include="filter.h">
      <Filter>Headerdateien</Filter>
    </ClInclude>
    <ClInclude Include="contactgroupstable.h">
      <Filter>Headerdateien</Filter>
    </ClInclude>
    <ClInclude Include="contactstable.h">
      <Filter>Headerdateien</Filter>
    </ClInclude>
    <ClInclude Include="orfilter.h">
      <Filter>Headerdateien</Filter>
    </ClInclude>
    <ClInclude Include="aggregator.h">
      <Filter>Headerdateien</Filter>
    </ClInclude>
    <ClInclude Include="countaggregator.h">
      <Filter>Headerdateien</Filter>
    </ClInclude>
    <ClInclude Include="sumaggregator.h">
      <Filter>Headerdateien</Filter>
    </ClInclude>
    <ClInclude Include="sumaggregator.h">
      <Filter>Headerdateien</Filter>
    </ClInclude>
    <ClInclude Include="minaggregator.h">
      <Filter>Headerdateien</Filter>
    </ClInclude>
    <ClInclude Include="maxaggregator.h">
      <Filter>Headerdateien</Filter>
    </ClInclude>
    <ClInclude Include="stdaggregator.h">
      <Filter>Headerdateien</Filter>
    </ClInclude>
    <ClInclude Include="invavgaggregator.h">
      <Filter>Headerdateien</Filter>
    </ClInclude>
    <ClInclude Include="invsumaggregator.h">
      <Filter>Headerdateien</Filter>
    </ClInclude>
    <ClInclude Include="andfilter.h">
      <Filter>Headerdateien</Filter>
    </ClInclude>
    <ClInclude Include="attributefilter.h">
      <Filter>Headerdateien</Filter>
    </ClInclude>
    <ClInclude Include="negatefilter.h">
      <Filter>Headerdateien</Filter>
    </ClInclude>
    <ClInclude Include="combinerfilter.h">
      <Filter>Headerdateien</Filter>
    </ClInclude>
    <ClInclude Include="hostgroupstable.h">
      <Filter>Headerdateien</Filter>
    </ClInclude>
    <ClInclude Include="hoststable.h">
      <Filter>Headerdateien</Filter>
    </ClInclude>
    <ClInclude Include="column.h">
      <Filter>Headerdateien</Filter>
    </ClInclude>
    <ClInclude Include="servicestable.h">
      <Filter>Headerdateien</Filter>
    </ClInclude>
    <ClInclude Include="commandstable.h">
      <Filter>Headerdateien</Filter>
    </ClInclude>
    <ClInclude Include="commentstable.h">
      <Filter>Headerdateien</Filter>
    </ClInclude>
    <ClInclude Include="downtimestable.h">
      <Filter>Headerdateien</Filter>
    </ClInclude>
    <ClInclude Include="avgaggregator.h">
      <Filter>Headerdateien</Filter>
    </ClInclude>
    <ClInclude Include="servicegroupsstable.h">
      <Filter>Headerdateien</Filter>
    </ClInclude>
  </ItemGroup>
  <ItemGroup>
    <ClCompile Include="component.cpp">
      <Filter>Quelldateien</Filter>
    </ClCompile>
    <ClCompile Include="query.cpp">
      <Filter>Quelldateien</Filter>
    </ClCompile>
    <ClCompile Include="table.cpp">
      <Filter>Quelldateien</Filter>
    </ClCompile>
    <ClCompile Include="statustable.cpp">
      <Filter>Quelldateien</Filter>
    </ClCompile>
    <ClCompile Include="timeperiodstable.cpp">
      <Filter>Quelldateien</Filter>
    </ClCompile>
    <ClCompile Include="logtable.cpp">
      <Filter>Quelldateien</Filter>
    </ClCompile>
    <ClCompile Include="filter.cpp">
      <Filter>Quelldateien</Filter>
    </ClCompile>
    <ClCompile Include="contactgroupstable.cpp">
      <Filter>Quelldateien</Filter>
    </ClCompile>
    <ClCompile Include="contactstable.cpp">
      <Filter>Quelldateien</Filter>
    </ClCompile>
    <ClCompile Include="orfilter.cpp">
      <Filter>Quelldateien</Filter>
    </ClCompile>
    <ClCompile Include="andfilter.cpp">
      <Filter>Quelldateien</Filter>
    </ClCompile>
    <ClCompile Include="aggregator.cpp">
      <Filter>Quelldateien</Filter>
    </ClCompile>
    <ClCompile Include="countaggregator.cpp">
      <Filter>Quelldateien</Filter>
    </ClCompile>
    <ClCompile Include="attributefilter.cpp">
      <Filter>Quelldateien</Filter>
    </ClCompile>
    <ClCompile Include="negatefilter.cpp">
      <Filter>Quelldateien</Filter>
    </ClCompile>
    <ClCompile Include="combinerfilter.cpp">
      <Filter>Quelldateien</Filter>
    </ClCompile>
    <ClCompile Include="hostgroupstable.cpp">
      <Filter>Quelldateien</Filter>
    </ClCompile>
    <ClCompile Include="hoststable.cpp">
      <Filter>Quelldateien</Filter>
    </ClCompile>
    <ClCompile Include="column.cpp">
      <Filter>Quelldateien</Filter>
    </ClCompile>
    <ClCompile Include="servicegroupstable.cpp">
      <Filter>Quelldateien</Filter>
    </ClCompile>
    <ClCompile Include="servicestable.cpp">
      <Filter>Quelldateien</Filter>
    </ClCompile>
    <ClCompile Include="commandstable.cpp">
      <Filter>Quelldateien</Filter>
    </ClCompile>
    <ClCompile Include="commentstable.cpp">
      <Filter>Quelldateien</Filter>
    </ClCompile>
    <ClCompile Include="downtimestable.cpp">
      <Filter>Quelldateien</Filter>
    </ClCompile>
    <ClCompile Include="livestatus-type.cpp">
      <Filter>Quelldateien</Filter>
    </ClCompile>
    <ClCompile Include="avgaggregator.cpp">
      <Filter>Quelldateien</Filter>
    </ClCompile>
    <ClCompile Include="invavgaggregator.cpp">
      <Filter>Quelldateien</Filter>
    </ClCompile>
    <ClCompile Include="invsumaggregator.cpp">
      <Filter>Quelldateien</Filter>
    </ClCompile>
    <ClCompile Include="maxaggregator.cpp">
      <Filter>Quelldateien</Filter>
    </ClCompile>
    <ClCompile Include="minaggregator.cpp">
      <Filter>Quelldateien</Filter>
    </ClCompile>
    <ClCompile Include="stdaggregator.cpp">
      <Filter>Quelldateien</Filter>
    </ClCompile>
    <ClCompile Include="sumaggregator.cpp">
      <Filter>Quelldateien</Filter>
    </ClCompile>
  </ItemGroup>
  <ItemGroup>
    <CustomBuild Include="livestatus-type.conf">
      <Filter>Quelldateien</Filter>
    </CustomBuild>
  </ItemGroup>
</Project>