<?xml version="1.0" encoding="utf-8"?>
<Project ToolsVersion="4.0" xmlns="http://schemas.microsoft.com/developer/msbuild/2003">
  <ItemGroup>
    <Filter Include="Headerdateien">
      <UniqueIdentifier>{11a495bf-a705-4766-b3d3-9b5db266a6ef}</UniqueIdentifier>
    </Filter>
    <Filter Include="Quelldateien">
      <UniqueIdentifier>{1fb6337f-a17f-46ea-9316-2d800a94b53d}</UniqueIdentifier>
    </Filter>
  </ItemGroup>
  <ItemGroup>
    <ClInclude Include="i2-livestatus.h">
      <Filter>Headerdateien</Filter>
    </ClInclude>
    <ClInclude Include="connection.h">
      <Filter>Headerdateien</Filter>
    </ClInclude>
    <ClInclude Include="component.h">
      <Filter>Headerdateien</Filter>
    </ClInclude>
    <ClInclude Include="query.h">
      <Filter>Headerdateien</Filter>
    </ClInclude>
    <ClInclude Include="table.h">
      <Filter>Headerdateien</Filter>
    </ClInclude>
    <ClInclude Include="statustable.h">
      <Filter>Headerdateien</Filter>
    </ClInclude>
    <ClInclude Include="filter.h">
      <Filter>Headerdateien</Filter>
    </ClInclude>
    <ClInclude Include="contactgroupstable.h">
      <Filter>Headerdateien</Filter>
    </ClInclude>
    <ClInclude Include="contactstable.h">
      <Filter>Headerdateien</Filter>
    </ClInclude>
    <ClInclude Include="orfilter.h">
      <Filter>Headerdateien</Filter>
    </ClInclude>
    <ClInclude Include="andfilter.h">
      <Filter>Headerdateien</Filter>
    </ClInclude>
  </ItemGroup>
  <ItemGroup>
    <ClCompile Include="component.cpp">
      <Filter>Quelldateien</Filter>
    </ClCompile>
    <ClCompile Include="connection.cpp">
      <Filter>Quelldateien</Filter>
    </ClCompile>
    <ClCompile Include="query.cpp">
      <Filter>Quelldateien</Filter>
    </ClCompile>
    <ClCompile Include="table.cpp">
      <Filter>Quelldateien</Filter>
    </ClCompile>
    <ClCompile Include="statustable.cpp">
      <Filter>Quelldateien</Filter>
    </ClCompile>
    <ClCompile Include="filter.cpp">
      <Filter>Quelldateien</Filter>
    </ClCompile>
    <ClCompile Include="contactgroupstable.cpp">
      <Filter>Quelldateien</Filter>
    </ClCompile>
    <ClCompile Include="contactstable.cpp">
      <Filter>Quelldateien</Filter>
    </ClCompile>
    <ClCompile Include="orfilter.cpp">
      <Filter>Quelldateien</Filter>
    </ClCompile>
    <ClCompile Include="andfilter.cpp">
      <Filter>Quelldateien</Filter>
    </ClCompile>
  </ItemGroup>
</Project>