<?xml version="1.0" encoding="utf-8"?>
<Project ToolsVersion="4.0" xmlns="http://schemas.microsoft.com/developer/msbuild/2003">
  <ItemGroup>
    <ClCompile Include="config_lexer.cc">
      <Filter>Quelldateien</Filter>
    </ClCompile>
    <ClCompile Include="config_parser.cc">
      <Filter>Quelldateien</Filter>
    </ClCompile>
    <ClCompile Include="configcompiler.cpp">
      <Filter>Quelldateien</Filter>
    </ClCompile>
    <ClCompile Include="configitem.cpp">
      <Filter>Quelldateien</Filter>
    </ClCompile>
    <ClCompile Include="configitembuilder.cpp">
      <Filter>Quelldateien</Filter>
    </ClCompile>
    <ClCompile Include="expression.cpp">
      <Filter>Quelldateien</Filter>
    </ClCompile>
    <ClCompile Include="expressionlist.cpp">
      <Filter>Quelldateien</Filter>
    </ClCompile>
  </ItemGroup>
  <ItemGroup>
    <ClInclude Include="config_parser.h">
      <Filter>Headerdateien</Filter>
    </ClInclude>
    <ClInclude Include="i2-dyn.h">
      <Filter>Headerdateien</Filter>
    </ClInclude>
    <ClInclude Include="configcompiler.h">
      <Filter>Headerdateien</Filter>
    </ClInclude>
    <ClInclude Include="configitem.h">
      <Filter>Headerdateien</Filter>
    </ClInclude>
    <ClInclude Include="configitembuilder.h">
      <Filter>Headerdateien</Filter>
    </ClInclude>
    <ClInclude Include="debuginfo.h">
      <Filter>Headerdateien</Filter>
    </ClInclude>
    <ClInclude Include="expression.h">
      <Filter>Headerdateien</Filter>
    </ClInclude>
    <ClInclude Include="expressionlist.h">
      <Filter>Headerdateien</Filter>
    </ClInclude>
  </ItemGroup>
  <ItemGroup>
    <None Include="config_lexer.ll">
      <Filter>Quelldateien</Filter>
    </None>
    <None Include="config_parser.yy">
      <Filter>Quelldateien</Filter>
    </None>
  </ItemGroup>
  <ItemGroup>
    <Filter Include="Headerdateien">
      <UniqueIdentifier>{8ec192f6-183f-4b43-b89d-f57ef90d8606}</UniqueIdentifier>
    </Filter>
    <Filter Include="Quelldateien">
      <UniqueIdentifier>{0504454a-6829-427c-b1d7-cbca722af0d9}</UniqueIdentifier>
    </Filter>
  </ItemGroup>
</Project>