<?xml version="1.0" encoding="utf-8"?>
<Project ToolsVersion="4.0" xmlns="http://schemas.microsoft.com/developer/msbuild/2003">
  <ItemGroup>
    <ClInclude Include="i2-replication.h">
      <Filter>Headerdateien</Filter>
    </ClInclude>
    <ClInclude Include="replicationcomponent.h">
      <Filter>Headerdateien</Filter>
    </ClInclude>
  </ItemGroup>
  <ItemGroup>
    <Filter Include="Headerdateien">
      <UniqueIdentifier>{85c17050-f3b5-4dbe-9d86-2c4838ddd7e0}</UniqueIdentifier>
    </Filter>
    <Filter Include="Quelldateien">
      <UniqueIdentifier>{0caf70c2-14a5-4d97-a2d0-0afbe6028b49}</UniqueIdentifier>
    </Filter>
  </ItemGroup>
  <ItemGroup>
    <ClCompile Include="replicationcomponent.cpp">
      <Filter>Quelldateien</Filter>
    </ClCompile>
    <ClCompile Include="replication-type.cpp">
      <Filter>Quelldateien</Filter>
    </ClCompile>
  </ItemGroup>
  <ItemGroup>
    <CustomBuild Include="replication-type.conf">
      <Filter>Quelldateien</Filter>
    </CustomBuild>
  </ItemGroup>
</Project>