<?xml version="1.0" encoding="utf-8"?>
<Project ToolsVersion="4.0" xmlns="http://schemas.microsoft.com/developer/msbuild/2003">
  <ItemGroup>
    <ClCompile Include="graphitewriter.cpp">
      <Filter>Quelldateien</Filter>
    </ClCompile>
    <ClCompile Include="perfdata-type.cpp" />
    <ClCompile Include="perfdatawriter.cpp">
      <Filter>Quelldateien</Filter>
    </ClCompile>
  </ItemGroup>
  <ItemGroup>
    <ClInclude Include="graphitewriter.h">
      <Filter>Headerdateien</Filter>
    </ClInclude>
    <ClInclude Include="perfdatawriter.h">
      <Filter>Headerdateien</Filter>
    </ClInclude>
  </ItemGroup>
  <ItemGroup>
    <Filter Include="Headerdateien">
      <UniqueIdentifier>{2c1a73da-f333-42fc-8809-0569990567e0}</UniqueIdentifier>
    </Filter>
    <Filter Include="Quelldateien">
      <UniqueIdentifier>{f206b9b0-3aa5-4a62-b844-3228f4ff4baf}</UniqueIdentifier>
    </Filter>
  </ItemGroup>
  <ItemGroup>
    <CustomBuild Include="perfdata-type.conf">
      <Filter>Quelldateien</Filter>
    </CustomBuild>
  </ItemGroup>
  <ItemGroup>
    <None Include="packages.config" />
  </ItemGroup>
</Project>