<?xml version="1.0" encoding="utf-8"?>
<Project ToolsVersion="4.0" xmlns="http://schemas.microsoft.com/developer/msbuild/2003">
  <ItemGroup>
    <ClCompile Include="jsonrpcclient.cpp">
      <Filter>Quelldateien</Filter>
    </ClCompile>
    <ClCompile Include="responsemessage.cpp">
      <Filter>Quelldateien</Filter>
    </ClCompile>
    <ClCompile Include="jsonrpcserver.cpp">
      <Filter>Quelldateien</Filter>
    </ClCompile>
    <ClCompile Include="messagepart.cpp">
      <Filter>Quelldateien</Filter>
    </ClCompile>
    <ClCompile Include="netstring.cpp">
      <Filter>Quelldateien</Filter>
    </ClCompile>
    <ClCompile Include="requestmessage.cpp">
      <Filter>Quelldateien</Filter>
    </ClCompile>
    <ClCompile Include="i2-jsonrpc.cpp">
      <Filter>Quelldateien</Filter>
    </ClCompile>
  </ItemGroup>
  <ItemGroup>
    <ClInclude Include="i2-jsonrpc.h">
      <Filter>Headerdateien</Filter>
    </ClInclude>
    <ClInclude Include="jsonrpcclient.h">
      <Filter>Headerdateien</Filter>
    </ClInclude>
    <ClInclude Include="jsonrpcserver.h">
      <Filter>Headerdateien</Filter>
    </ClInclude>
    <ClInclude Include="messagepart.h">
      <Filter>Headerdateien</Filter>
    </ClInclude>
    <ClInclude Include="netstring.h">
      <Filter>Headerdateien</Filter>
    </ClInclude>
    <ClInclude Include="requestmessage.h">
      <Filter>Headerdateien</Filter>
    </ClInclude>
    <ClInclude Include="responsemessage.h">
      <Filter>Headerdateien</Filter>
    </ClInclude>
  </ItemGroup>
  <ItemGroup>
    <Filter Include="Headerdateien">
      <UniqueIdentifier>{796f79ec-5628-4c91-9e2b-3d603ab2acfc}</UniqueIdentifier>
    </Filter>
    <Filter Include="Quelldateien">
      <UniqueIdentifier>{0457f937-d12b-4328-818b-77359de2425f}</UniqueIdentifier>
    </Filter>
  </ItemGroup>
</Project>