<?xml version="1.0" encoding="utf-8"?>
<Project ToolsVersion="4.0" xmlns="http://schemas.microsoft.com/developer/msbuild/2003">
  <ItemGroup>
    <ClCompile Include="jsonrpcclient.cpp" />
    <ClCompile Include="jsonrpcserver.cpp" />
    <ClCompile Include="netstring.cpp" />
    <ClCompile Include="rpcrequest.cpp" />
    <ClCompile Include="rpcresponse.cpp" />
    <ClCompile Include="messagepart.cpp" />
  </ItemGroup>
  <ItemGroup>
    <ClInclude Include="i2-jsonrpc.h" />
    <ClInclude Include="jsonrpcclient.h" />
    <ClInclude Include="jsonrpcserver.h" />
    <ClInclude Include="netstring.h" />
    <ClInclude Include="rpcrequest.h" />
    <ClInclude Include="rpcresponse.h" />
    <ClInclude Include="messagepart.h" />
  </ItemGroup>
</Project>