<?xml version="1.0" encoding="utf-8"?>
<Project ToolsVersion="4.0" xmlns="http://schemas.microsoft.com/developer/msbuild/2003">
  <ItemGroup>
    <ClCompile Include="application.cpp">
      <Filter>Quelldateien</Filter>
    </ClCompile>
    <ClCompile Include="component.cpp">
      <Filter>Quelldateien</Filter>
    </ClCompile>
    <ClCompile Include="configobject.cpp">
      <Filter>Quelldateien</Filter>
    </ClCompile>
    <ClCompile Include="dictionary.cpp">
      <Filter>Quelldateien</Filter>
    </ClCompile>
    <ClCompile Include="event.cpp">
      <Filter>Quelldateien</Filter>
    </ClCompile>
    <ClCompile Include="exception.cpp">
      <Filter>Quelldateien</Filter>
    </ClCompile>
    <ClCompile Include="fifo.cpp">
      <Filter>Quelldateien</Filter>
    </ClCompile>
    <ClCompile Include="object.cpp">
      <Filter>Quelldateien</Filter>
    </ClCompile>
    <ClCompile Include="objectmap.cpp">
      <Filter>Quelldateien</Filter>
    </ClCompile>
    <ClCompile Include="objectset.cpp">
      <Filter>Quelldateien</Filter>
    </ClCompile>
    <ClCompile Include="ringbuffer.cpp">
      <Filter>Quelldateien</Filter>
    </ClCompile>
    <ClCompile Include="socket.cpp">
      <Filter>Quelldateien</Filter>
    </ClCompile>
    <ClCompile Include="tcpclient.cpp">
      <Filter>Quelldateien</Filter>
    </ClCompile>
    <ClCompile Include="tcpserver.cpp">
      <Filter>Quelldateien</Filter>
    </ClCompile>
    <ClCompile Include="tcpsocket.cpp">
      <Filter>Quelldateien</Filter>
    </ClCompile>
    <ClCompile Include="threadpool.cpp">
      <Filter>Quelldateien</Filter>
    </ClCompile>
    <ClCompile Include="timer.cpp">
      <Filter>Quelldateien</Filter>
    </ClCompile>
    <ClCompile Include="tlsclient.cpp">
      <Filter>Quelldateien</Filter>
    </ClCompile>
    <ClCompile Include="unix.cpp">
      <Filter>Quelldateien</Filter>
    </ClCompile>
    <ClCompile Include="utility.cpp">
      <Filter>Quelldateien</Filter>
    </ClCompile>
    <ClCompile Include="variant.cpp">
      <Filter>Quelldateien</Filter>
    </ClCompile>
    <ClCompile Include="win32.cpp">
      <Filter>Quelldateien</Filter>
    </ClCompile>
    <ClCompile Include="logger.cpp">
      <Filter>Quelldateien</Filter>
    </ClCompile>
    <ClCompile Include="streamlogger.cpp">
      <Filter>Quelldateien</Filter>
    </ClCompile>
    <ClCompile Include="sysloglogger.cpp">
      <Filter>Quelldateien</Filter>
    </ClCompile>
    <ClCompile Include="process.cpp">
      <Filter>Quelldateien</Filter>
    </ClCompile>
    <ClCompile Include="asynctask.cpp">
      <Filter>Quelldateien</Filter>
    </ClCompile>
  </ItemGroup>
  <ItemGroup>
    <ClInclude Include="application.h">
      <Filter>Headerdateien</Filter>
    </ClInclude>
    <ClInclude Include="win32.h">
      <Filter>Headerdateien</Filter>
    </ClInclude>
    <ClInclude Include="component.h">
      <Filter>Headerdateien</Filter>
    </ClInclude>
    <ClInclude Include="configobject.h">
      <Filter>Headerdateien</Filter>
    </ClInclude>
    <ClInclude Include="dictionary.h">
      <Filter>Headerdateien</Filter>
    </ClInclude>
    <ClInclude Include="event.h">
      <Filter>Headerdateien</Filter>
    </ClInclude>
    <ClInclude Include="exception.h">
      <Filter>Headerdateien</Filter>
    </ClInclude>
    <ClInclude Include="fifo.h">
      <Filter>Headerdateien</Filter>
    </ClInclude>
    <ClInclude Include="i2-base.h">
      <Filter>Headerdateien</Filter>
    </ClInclude>
    <ClInclude Include="object.h">
      <Filter>Headerdateien</Filter>
    </ClInclude>
    <ClInclude Include="objectmap.h">
      <Filter>Headerdateien</Filter>
    </ClInclude>
    <ClInclude Include="objectset.h">
      <Filter>Headerdateien</Filter>
    </ClInclude>
    <ClInclude Include="ringbuffer.h">
      <Filter>Headerdateien</Filter>
    </ClInclude>
    <ClInclude Include="socket.h">
      <Filter>Headerdateien</Filter>
    </ClInclude>
    <ClInclude Include="tcpclient.h">
      <Filter>Headerdateien</Filter>
    </ClInclude>
    <ClInclude Include="tcpserver.h">
      <Filter>Headerdateien</Filter>
    </ClInclude>
    <ClInclude Include="tcpsocket.h">
      <Filter>Headerdateien</Filter>
    </ClInclude>
    <ClInclude Include="threadpool.h">
      <Filter>Headerdateien</Filter>
    </ClInclude>
    <ClInclude Include="timer.h">
      <Filter>Headerdateien</Filter>
    </ClInclude>
    <ClInclude Include="tlsclient.h">
      <Filter>Headerdateien</Filter>
    </ClInclude>
    <ClInclude Include="unix.h">
      <Filter>Headerdateien</Filter>
    </ClInclude>
    <ClInclude Include="utility.h">
      <Filter>Headerdateien</Filter>
    </ClInclude>
    <ClInclude Include="variant.h">
      <Filter>Headerdateien</Filter>
    </ClInclude>
    <ClInclude Include="logger.h">
      <Filter>Headerdateien</Filter>
    </ClInclude>
    <ClInclude Include="streamlogger.h">
      <Filter>Headerdateien</Filter>
    </ClInclude>
    <ClInclude Include="sysloglogger.h">
      <Filter>Headerdateien</Filter>
    </ClInclude>
    <ClInclude Include="asynctask.h">
      <Filter>Headerdateien</Filter>
    </ClInclude>
    <ClInclude Include="process.h">
      <Filter>Headerdateien</Filter>
    </ClInclude>
  </ItemGroup>
  <ItemGroup>
    <Filter Include="Quelldateien">
      <UniqueIdentifier>{229e6896-1a39-4b0e-b5e4-a1291b825200}</UniqueIdentifier>
    </Filter>
    <Filter Include="Headerdateien">
      <UniqueIdentifier>{7bbee99c-5763-4063-836c-ddbcc8966ae3}</UniqueIdentifier>
    </Filter>
  </ItemGroup>
</Project>