<?xml version="1.0" encoding="utf-8"?>
<Project ToolsVersion="4.0" xmlns="http://schemas.microsoft.com/developer/msbuild/2003">
  <ItemGroup>
    <ClCompile Include="application.cpp">
      <Filter>Quelldateien</Filter>
    </ClCompile>
    <ClCompile Include="component.cpp">
      <Filter>Quelldateien</Filter>
    </ClCompile>
    <ClCompile Include="dictionary.cpp">
      <Filter>Quelldateien</Filter>
    </ClCompile>
    <ClCompile Include="event.cpp">
      <Filter>Quelldateien</Filter>
    </ClCompile>
    <ClCompile Include="exception.cpp">
      <Filter>Quelldateien</Filter>
    </ClCompile>
    <ClCompile Include="object.cpp">
      <Filter>Quelldateien</Filter>
    </ClCompile>
    <ClCompile Include="ringbuffer.cpp">
      <Filter>Quelldateien</Filter>
    </ClCompile>
    <ClCompile Include="socket.cpp">
      <Filter>Quelldateien</Filter>
    </ClCompile>
    <ClCompile Include="tcpsocket.cpp">
      <Filter>Quelldateien</Filter>
    </ClCompile>
    <ClCompile Include="timer.cpp">
      <Filter>Quelldateien</Filter>
    </ClCompile>
    <ClCompile Include="utility.cpp">
      <Filter>Quelldateien</Filter>
    </ClCompile>
    <ClCompile Include="logger.cpp">
      <Filter>Quelldateien</Filter>
    </ClCompile>
    <ClCompile Include="streamlogger.cpp">
      <Filter>Quelldateien</Filter>
    </ClCompile>
    <ClCompile Include="sysloglogger.cpp">
      <Filter>Quelldateien</Filter>
    </ClCompile>
    <ClCompile Include="process.cpp">
      <Filter>Quelldateien</Filter>
    </ClCompile>
    <ClCompile Include="scriptfunction.cpp">
      <Filter>Quelldateien</Filter>
    </ClCompile>
    <ClCompile Include="scripttask.cpp">
      <Filter>Quelldateien</Filter>
    </ClCompile>
    <ClCompile Include="i2-base.cpp">
      <Filter>Quelldateien</Filter>
    </ClCompile>
    <ClCompile Include="fifo.cpp">
      <Filter>Quelldateien</Filter>
    </ClCompile>
    <ClCompile Include="netstring.cpp">
      <Filter>Quelldateien</Filter>
    </ClCompile>
    <ClCompile Include="dynamicobject.cpp">
      <Filter>Quelldateien</Filter>
    </ClCompile>
    <ClCompile Include="value.cpp">
      <Filter>Quelldateien</Filter>
    </ClCompile>
    <ClCompile Include="qstring.cpp">
      <Filter>Quelldateien</Filter>
    </ClCompile>
    <ClCompile Include="tlsstream.cpp">
      <Filter>Quelldateien</Filter>
    </ClCompile>
    <ClCompile Include="stream.cpp">
      <Filter>Quelldateien</Filter>
    </ClCompile>
    <ClCompile Include="stream_bio.cpp">
      <Filter>Quelldateien</Filter>
    </ClCompile>
    <ClCompile Include="connection.cpp">
      <Filter>Quelldateien</Filter>
    </ClCompile>
    <ClCompile Include="unixsocket.cpp">
      <Filter>Quelldateien</Filter>
    </ClCompile>
    <ClCompile Include="stdiostream.cpp">
      <Filter>Quelldateien</Filter>
    </ClCompile>
    <ClCompile Include="dynamictype.cpp">
      <Filter>Quelldateien</Filter>
    </ClCompile>
  </ItemGroup>
  <ItemGroup>
    <ClInclude Include="application.h">
      <Filter>Headerdateien</Filter>
    </ClInclude>
    <ClInclude Include="win32.h">
      <Filter>Headerdateien</Filter>
    </ClInclude>
    <ClInclude Include="component.h">
      <Filter>Headerdateien</Filter>
    </ClInclude>
    <ClInclude Include="dictionary.h">
      <Filter>Headerdateien</Filter>
    </ClInclude>
    <ClInclude Include="event.h">
      <Filter>Headerdateien</Filter>
    </ClInclude>
    <ClInclude Include="exception.h">
      <Filter>Headerdateien</Filter>
    </ClInclude>
    <ClInclude Include="i2-base.h">
      <Filter>Headerdateien</Filter>
    </ClInclude>
    <ClInclude Include="object.h">
      <Filter>Headerdateien</Filter>
    </ClInclude>
    <ClInclude Include="ringbuffer.h">
      <Filter>Headerdateien</Filter>
    </ClInclude>
    <ClInclude Include="socket.h">
      <Filter>Headerdateien</Filter>
    </ClInclude>
    <ClInclude Include="tcpsocket.h">
      <Filter>Headerdateien</Filter>
    </ClInclude>
    <ClInclude Include="timer.h">
      <Filter>Headerdateien</Filter>
    </ClInclude>
    <ClInclude Include="unix.h">
      <Filter>Headerdateien</Filter>
    </ClInclude>
    <ClInclude Include="utility.h">
      <Filter>Headerdateien</Filter>
    </ClInclude>
    <ClInclude Include="logger.h">
      <Filter>Headerdateien</Filter>
    </ClInclude>
    <ClInclude Include="streamlogger.h">
      <Filter>Headerdateien</Filter>
    </ClInclude>
    <ClInclude Include="sysloglogger.h">
      <Filter>Headerdateien</Filter>
    </ClInclude>
    <ClInclude Include="asynctask.h">
      <Filter>Headerdateien</Filter>
    </ClInclude>
    <ClInclude Include="process.h">
      <Filter>Headerdateien</Filter>
    </ClInclude>
    <ClInclude Include="scripttask.h">
      <Filter>Headerdateien</Filter>
    </ClInclude>
    <ClInclude Include="scriptfunction.h">
      <Filter>Headerdateien</Filter>
    </ClInclude>
    <ClInclude Include="fifo.h">
      <Filter>Headerdateien</Filter>
    </ClInclude>
    <ClInclude Include="netstring.h">
      <Filter>Headerdateien</Filter>
    </ClInclude>
    <ClInclude Include="dynamicobject.h">
      <Filter>Headerdateien</Filter>
    </ClInclude>
    <ClInclude Include="value.h">
      <Filter>Headerdateien</Filter>
    </ClInclude>
    <ClInclude Include="qstring.h">
      <Filter>Headerdateien</Filter>
    </ClInclude>
    <ClInclude Include="stream.h">
      <Filter>Headerdateien</Filter>
    </ClInclude>
    <ClInclude Include="tlsstream.h">
      <Filter>Headerdateien</Filter>
    </ClInclude>
    <ClInclude Include="stream_bio.h">
      <Filter>Headerdateien</Filter>
    </ClInclude>
    <ClInclude Include="connection.h">
      <Filter>Headerdateien</Filter>
    </ClInclude>
    <ClInclude Include="unixsocket.h">
      <Filter>Headerdateien</Filter>
    </ClInclude>
    <ClInclude Include="stdiostream.h">
      <Filter>Headerdateien</Filter>
    </ClInclude>
    <ClInclude Include="dynamictype.h">
      <Filter>Headerdateien</Filter>
    </ClInclude>
  </ItemGroup>
  <ItemGroup>
    <Filter Include="Quelldateien">
      <UniqueIdentifier>{229e6896-1a39-4b0e-b5e4-a1291b825200}</UniqueIdentifier>
    </Filter>
    <Filter Include="Headerdateien">
      <UniqueIdentifier>{7bbee99c-5763-4063-836c-ddbcc8966ae3}</UniqueIdentifier>
    </Filter>
  </ItemGroup>
</Project>