<?xml version="1.0" encoding="utf-8"?>
<Project ToolsVersion="4.0" xmlns="http://schemas.microsoft.com/developer/msbuild/2003">
  <ItemGroup>
    <ClCompile Include="icingaapplication.cpp">
      <Filter>Quelldateien</Filter>
    </ClCompile>
    <ClCompile Include="i2-icinga.cpp">
      <Filter>Quelldateien</Filter>
    </ClCompile>
    <ClCompile Include="cib.cpp">
      <Filter>Quelldateien</Filter>
    </ClCompile>
    <ClCompile Include="host.cpp">
      <Filter>Quelldateien</Filter>
    </ClCompile>
    <ClCompile Include="hostgroup.cpp">
      <Filter>Quelldateien</Filter>
    </ClCompile>
    <ClCompile Include="macroprocessor.cpp">
      <Filter>Quelldateien</Filter>
    </ClCompile>
    <ClCompile Include="nullchecktask.cpp">
      <Filter>Quelldateien</Filter>
    </ClCompile>
    <ClCompile Include="service.cpp">
      <Filter>Quelldateien</Filter>
    </ClCompile>
    <ClCompile Include="servicegroup.cpp">
      <Filter>Quelldateien</Filter>
    </ClCompile>
    <ClCompile Include="pluginchecktask.cpp">
      <Filter>Quelldateien</Filter>
    </ClCompile>
    <ClCompile Include="externalcommandprocessor.cpp">
      <Filter>Quelldateien</Filter>
    </ClCompile>
    <ClCompile Include="checkresultmessage.cpp">
      <Filter>Quelldateien</Filter>
    </ClCompile>
    <ClCompile Include="service-comment.cpp">
      <Filter>Quelldateien</Filter>
    </ClCompile>
    <ClCompile Include="service-downtime.cpp">
      <Filter>Quelldateien</Filter>
    </ClCompile>
    <ClCompile Include="pluginnotificationtask.cpp">
      <Filter>Quelldateien</Filter>
    </ClCompile>
    <ClCompile Include="notification.cpp">
      <Filter>Quelldateien</Filter>
    </ClCompile>
    <ClCompile Include="notificationrequestmessage.cpp">
      <Filter>Quelldateien</Filter>
    </ClCompile>
    <ClCompile Include="service-check.cpp">
      <Filter>Quelldateien</Filter>
    </ClCompile>
    <ClCompile Include="service-notification.cpp">
      <Filter>Quelldateien</Filter>
    </ClCompile>
    <ClCompile Include="api.cpp">
      <Filter>Quelldateien</Filter>
    </ClCompile>
    <ClCompile Include="user.cpp">
      <Filter>Quelldateien</Filter>
    </ClCompile>
    <ClCompile Include="usergroup.cpp">
      <Filter>Quelldateien</Filter>
    </ClCompile>
    <ClCompile Include="icinga-type.cpp">
      <Filter>Quelldateien</Filter>
    </ClCompile>
    <ClCompile Include="timeperiod.cpp">
      <Filter>Quelldateien</Filter>
    </ClCompile>
  </ItemGroup>
  <ItemGroup>
    <ClInclude Include="i2-icinga.h">
      <Filter>Headerdateien</Filter>
    </ClInclude>
    <ClInclude Include="icingaapplication.h">
      <Filter>Headerdateien</Filter>
    </ClInclude>
    <ClInclude Include="cib.h">
      <Filter>Headerdateien</Filter>
    </ClInclude>
    <ClInclude Include="host.h">
      <Filter>Headerdateien</Filter>
    </ClInclude>
    <ClInclude Include="hostgroup.h">
      <Filter>Headerdateien</Filter>
    </ClInclude>
    <ClInclude Include="macroprocessor.h">
      <Filter>Headerdateien</Filter>
    </ClInclude>
    <ClInclude Include="nullchecktask.h">
      <Filter>Headerdateien</Filter>
    </ClInclude>
    <ClInclude Include="service.h">
      <Filter>Headerdateien</Filter>
    </ClInclude>
    <ClInclude Include="servicegroup.h">
      <Filter>Headerdateien</Filter>
    </ClInclude>
    <ClInclude Include="pluginchecktask.h">
      <Filter>Headerdateien</Filter>
    </ClInclude>
    <ClInclude Include="externalcommandprocessor.h">
      <Filter>Headerdateien</Filter>
    </ClInclude>
    <ClInclude Include="checkresultmessage.h">
      <Filter>Headerdateien</Filter>
    </ClInclude>
    <ClInclude Include="pluginnotificationtask.h">
      <Filter>Headerdateien</Filter>
    </ClInclude>
    <ClInclude Include="notification.h">
      <Filter>Headerdateien</Filter>
    </ClInclude>
    <ClInclude Include="notificationrequestmessage.h">
      <Filter>Headerdateien</Filter>
    </ClInclude>
    <ClInclude Include="api.h">
      <Filter>Headerdateien</Filter>
    </ClInclude>
    <ClInclude Include="user.h">
      <Filter>Headerdateien</Filter>
    </ClInclude>
    <ClInclude Include="usergroup.h">
      <Filter>Headerdateien</Filter>
    </ClInclude>
    <ClInclude Include="timeperiod.h">
      <Filter>Headerdateien</Filter>
    </ClInclude>
  </ItemGroup>
  <ItemGroup>
    <Filter Include="Headerdateien">
      <UniqueIdentifier>{2c1a73da-f333-42fc-8809-0569990567e0}</UniqueIdentifier>
    </Filter>
    <Filter Include="Quelldateien">
      <UniqueIdentifier>{f206b9b0-3aa5-4a62-b844-3228f4ff4baf}</UniqueIdentifier>
    </Filter>
  </ItemGroup>
  <ItemGroup>
    <CustomBuild Include="icinga-type.conf">
      <Filter>Quelldateien</Filter>
    </CustomBuild>
  </ItemGroup>
</Project>